
Microsoft Visual Studio Solution File, Format Version 12.00
# Visual Studio Version 17
VisualStudioVersion = 17.9.34728.123
MinimumVisualStudioVersion = 10.0.40219.1
Project("{9A19103F-16F7-4668-BE54-9A1E7A4F7556}") = "Shop", "Shop\Shop.csproj", "{4C562B79-27C9-42BF-A502-417C3739470F}"
EndProject
Global
	GlobalSection(SolutionConfigurationPlatforms) = preSolution
		Debug|Any CPU = Debug|Any CPU
		Release|Any CPU = Release|Any CPU
	EndGlobalSection
	GlobalSection(ProjectConfigurationPlatforms) = postSolution
		{4C562B79-27C9-42BF-A502-417C3739470F}.Debug|Any CPU.ActiveCfg = Debug|Any CPU
		{4C562B79-27C9-42BF-A502-417C3739470F}.Debug|Any CPU.Build.0 = Debug|Any CPU
		{4C562B79-27C9-42BF-A502-417C3739470F}.Release|Any CPU.ActiveCfg = Release|Any CPU
		{4C562B79-27C9-42BF-A502-417C3739470F}.Release|Any CPU.Build.0 = Release|Any CPU
	EndGlobalSection
	GlobalSection(SolutionProperties) = preSolution
		HideSolutionNode = FALSE
	EndGlobalSection
	GlobalSection(ExtensibilityGlobals) = postSolution
		SolutionGuid = {722D356C-BE39-4B74-8B52-7AFA818CDA2A}
	EndGlobalSection
EndGlobal
